// !$*UTF8*$!
{
	archiveVersion = 1;
	classes = {
	};
	objectVersion = 50;
	objects = {

/* Begin PBXBuildFile section */
		D21F053723DB3C7B00BC7278 /* AppDelegate.swift in Sources */ = {isa = PBXBuildFile; fileRef = D21F053623DB3C7B00BC7278 /* AppDelegate.swift */; };
		D21F053923DB3C7B00BC7278 /* SceneDelegate.swift in Sources */ = {isa = PBXBuildFile; fileRef = D21F053823DB3C7B00BC7278 /* SceneDelegate.swift */; };
		D21F053B23DB3C7B00BC7278 /* ViewController.swift in Sources */ = {isa = PBXBuildFile; fileRef = D21F053A23DB3C7B00BC7278 /* ViewController.swift */; };
		D21F053E23DB3C7B00BC7278 /* Main.storyboard in Resources */ = {isa = PBXBuildFile; fileRef = D21F053C23DB3C7B00BC7278 /* Main.storyboard */; };
		D21F054023DB3C7F00BC7278 /* Assets.xcassets in Resources */ = {isa = PBXBuildFile; fileRef = D21F053F23DB3C7F00BC7278 /* Assets.xcassets */; };
		D21F054323DB3C7F00BC7278 /* LaunchScreen.storyboard in Resources */ = {isa = PBXBuildFile; fileRef = D21F054123DB3C7F00BC7278 /* LaunchScreen.storyboard */; };
		D21F054C23DB3CBF00BC7278 /* Models.swift in Sources */ = {isa = PBXBuildFile; fileRef = D21F054B23DB3CBF00BC7278 /* Models.swift */; };
		D21F054E23DB3CDD00BC7278 /* Networking.swift in Sources */ = {isa = PBXBuildFile; fileRef = D21F054D23DB3CDD00BC7278 /* Networking.swift */; };
/* End PBXBuildFile section */

/* Begin PBXFileReference section */
		D21F053323DB3C7B00BC7278 /* MyWeatherApp.app */ = {isa = PBXFileReference; explicitFileType = wrapper.application; includeInIndex = 0; path = MyWeatherApp.app; sourceTree = BUILT_PRODUCTS_DIR; };
		D21F053623DB3C7B00BC7278 /* AppDelegate.swift */ = {isa = PBXFileReference; lastKnownFileType = sourcecode.swift; path = AppDelegate.swift; sourceTree = "<group>"; };
		D21F053823DB3C7B00BC7278 /* SceneDelegate.swift */ = {isa = PBXFileReference; lastKnownFileType = sourcecode.swift; path = SceneDelegate.swift; sourceTree = "<group>"; };
		D21F053A23DB3C7B00BC7278 /* ViewController.swift */ = {isa = PBXFileReference; lastKnownFileType = sourcecode.swift; path = ViewController.swift; sourceTree = "<group>"; };
		D21F053D23DB3C7B00BC7278 /* Base */ = {isa = PBXFileReference; lastKnownFileType = file.storyboard; name = Base; path = Base.lproj/Main.storyboard; sourceTree = "<group>"; };
		D21F053F23DB3C7F00BC7278 /* Assets.xcassets */ = {isa = PBXFileReference; lastKnownFileType = folder.assetcatalog; path = Assets.xcassets; sourceTree = "<group>"; };
		D21F054223DB3C7F00BC7278 /* Base */ = {isa = PBXFileReference; lastKnownFileType = file.storyboard; name = Base; path = Base.lproj/LaunchScreen.storyboard; sourceTree = "<group>"; };
		D21F054423DB3C7F00BC7278 /* Info.plist */ = {isa = PBXFileReference; lastKnownFileType = text.plist.xml; path = Info.plist; sourceTree = "<group>"; };
		D21F054B23DB3CBF00BC7278 /* Models.swift */ = {isa = PBXFileReference; lastKnownFileType = sourcecode.swift; path = Models.swift; sourceTree = "<group>"; };
		D21F054D23DB3CDD00BC7278 /* Networking.swift */ = {isa = PBXFileReference; lastKnownFileType = sourcecode.swift; path = Networking.swift; sourceTree = "<group>"; };
/* End PBXFileReference section */

/* Begin PBXFrameworksBuildPhase section */
		D21F053023DB3C7B00BC7278 /* Frameworks */ = {
			isa = PBXFrameworksBuildPhase;
			buildActionMask = 2147483647;
			files = (
			);
			runOnlyForDeploymentPostprocessing = 0;
		};
/* End PBXFrameworksBuildPhase section */

/* Begin PBXGroup section */
		D21F052A23DB3C7B00BC7278 = {
			isa = PBXGroup;
			children = (
				D21F053523DB3C7B00BC7278 /* MyWeatherApp */,
				D21F053423DB3C7B00BC7278 /* Products */,
			);
			sourceTree = "<group>";
		};
		D21F053423DB3C7B00BC7278 /* Products */ = {
			isa = PBXGroup;
			children = (
				D21F053323DB3C7B00BC7278 /* MyWeatherApp.app */,
			);
			name = Products;
			sourceTree = "<group>";
		};
		D21F053523DB3C7B00BC7278 /* MyWeatherApp */ = {
			isa = PBXGroup;
			children = (
				D21F054A23DB3CB100BC7278 /* Networking */,
				D21F053623DB3C7B00BC7278 /* AppDelegate.swift */,
				D21F053823DB3C7B00BC7278 /* SceneDelegate.swift */,
				D21F053A23DB3C7B00BC7278 /* ViewController.swift */,
				D21F053C23DB3C7B00BC7278 /* Main.storyboard */,
				D21F053F23DB3C7F00BC7278 /* Assets.xcassets */,
				D21F054123DB3C7F00BC7278 /* LaunchScreen.storyboard */,
				D21F054423DB3C7F00BC7278 /* Info.plist */,
			);
			path = MyWeatherApp;
			sourceTree = "<group>";
		};
		D21F054A23DB3CB100BC7278 /* Networking */ = {
			isa = PBXGroup;
			children = (
				D21F054B23DB3CBF00BC7278 /* Models.swift */,
				D21F054D23DB3CDD00BC7278 /* Networking.swift */,
			);
			path = Networking;
			sourceTree = "<group>";
		};
/* End PBXGroup section */

/* Begin PBXNativeTarget section */
		D21F053223DB3C7B00BC7278 /* MyWeatherApp */ = {
			isa = PBXNativeTarget;
			buildConfigurationList = D21F054723DB3C7F00BC7278 /* Build configuration list for PBXNativeTarget "MyWeatherApp" */;
			buildPhases = (
				D21F052F23DB3C7B00BC7278 /* Sources */,
				D21F053023DB3C7B00BC7278 /* Frameworks */,
				D21F053123DB3C7B00BC7278 /* Resources */,
			);
			buildRules = (
			);
			dependencies = (
			);
			name = MyWeatherApp;
			productName = MyWeatherApp;
			productReference = D21F053323DB3C7B00BC7278 /* MyWeatherApp.app */;
			productType = "com.apple.product-type.application";
		};
/* End PBXNativeTarget section */

/* Begin PBXProject section */
		D21F052B23DB3C7B00BC7278 /* Project object */ = {
			isa = PBXProject;
			attributes = {
				LastSwiftUpdateCheck = 1120;
				LastUpgradeCheck = 1120;
				ORGANIZATIONNAME = Omsi;
				TargetAttributes = {
					D21F053223DB3C7B00BC7278 = {
						CreatedOnToolsVersion = 11.2.1;
					};
				};
			};
			buildConfigurationList = D21F052E23DB3C7B00BC7278 /* Build configuration list for PBXProject "MyWeatherApp" */;
			compatibilityVersion = "Xcode 9.3";
			developmentRegion = en;
			hasScannedForEncodings = 0;
			knownRegions = (
				en,
				Base,
			);
			mainGroup = D21F052A23DB3C7B00BC7278;
			productRefGroup = D21F053423DB3C7B00BC7278 /* Products */;
			projectDirPath = "";
			projectRoot = "";
			targets = (
				D21F053223DB3C7B00BC7278 /* MyWeatherApp */,
			);
		};
/* End PBXProject section */

/* Begin PBXResourcesBuildPhase section */
		D21F053123DB3C7B00BC7278 /* Resources */ = {
			isa = PBXResourcesBuildPhase;
			buildActionMask = 2147483647;
			files = (
				D21F054323DB3C7F00BC7278 /* LaunchScreen.storyboard in Resources */,
				D21F054023DB3C7F00BC7278 /* Assets.xcassets in Resources */,
				D21F053E23DB3C7B00BC7278 /* Main.storyboard in Resources */,
			);
			runOnlyForDeploymentPostprocessing = 0;
		};
/* End PBXResourcesBuildPhase section */

/* Begin PBXSourcesBuildPhase section */
		D21F052F23DB3C7B00BC7278 /* Sources */ = {
			isa = PBXSourcesBuildPhase;
			buildActionMask = 2147483647;
			files = (
				D21F053B23DB3C7B00BC7278 /* ViewController.swift in Sources */,
				D21F054E23DB3CDD00BC7278 /* Networking.swift in Sources */,
				D21F053723DB3C7B00BC7278 /* AppDelegate.swift in Sources */,
				D21F053923DB3C7B00BC7278 /* SceneDelegate.swift in Sources */,
				D21F054C23DB3CBF00BC7278 /* Models.swift in Sources */,
			);
			runOnlyForDeploymentPostprocessing = 0;
		};
/* End PBXSourcesBuildPhase section */

/* Begin PBXVariantGroup section */
		D21F053C23DB3C7B00BC7278 /* Main.storyboard */ = {
			isa = PBXVariantGroup;
			children = (
				D21F053D23DB3C7B00BC7278 /* Base */,
			);
			name = Main.storyboard;
			sourceTree = "<group>";
		};
		D21F054123DB3C7F00BC7278 /* LaunchScreen.storyboard */ = {
			isa = PBXVariantGroup;
			children = (
				D21F054223DB3C7F00BC7278 /* Base */,
			);
			name = LaunchScreen.storyboard;
			sourceTree = "<group>";
		};
/* End PBXVariantGroup section */

/* Begin XCBuildConfiguration section */
		D21F054523DB3C7F00BC7278 /* Debug */ = {
			isa = XCBuildConfiguration;
			buildSettings = {
				ALWAYS_SEARCH_USER_PATHS = NO;
				CLANG_ANALYZER_NONNULL = YES;
				CLANG_ANALYZER_NUMBER_OBJECT_CONVERSION = YES_AGGRESSIVE;
				CLANG_CXX_LANGUAGE_STANDARD = "gnu++14";
				CLANG_CXX_LIBRARY = "libc++";
				CLANG_ENABLE_MODULES = YES;
				CLANG_ENABLE_OBJC_ARC = YES;
				CLANG_ENABLE_OBJC_WEAK = YES;
				CLANG_WARN_BLOCK_CAPTURE_AUTORELEASING = YES;
				CLANG_WARN_BOOL_CONVERSION = YES;
				CLANG_WARN_COMMA = YES;
				CLANG_WARN_CONSTANT_CONVERSION = YES;
				CLANG_WARN_DEPRECATED_OBJC_IMPLEMENTATIONS = YES;
				CLANG_WARN_DIRECT_OBJC_ISA_USAGE = YES_ERROR;
				CLANG_WARN_DOCUMENTATION_COMMENTS = YES;
				CLANG_WARN_EMPTY_BODY = YES;
				CLANG_WARN_ENUM_CONVERSION = YES;
				CLANG_WARN_INFINITE_RECURSION = YES;
				CLANG_WARN_INT_CONVERSION = YES;
				CLANG_WARN_NON_LITERAL_NULL_CONVERSION = YES;
				CLANG_WARN_OBJC_IMPLICIT_RETAIN_SELF = YES;
				CLANG_WARN_OBJC_LITERAL_CONVERSION = YES;
				CLANG_WARN_OBJC_ROOT_CLASS = YES_ERROR;
				CLANG_WARN_RANGE_LOOP_ANALYSIS = YES;
				CLANG_WARN_STRICT_PROTOTYPES = YES;
				CLANG_WARN_SUSPICIOUS_MOVE = YES;
				CLANG_WARN_UNGUARDED_AVAILABILITY = YES_AGGRESSIVE;
				CLANG_WARN_UNREACHABLE_CODE = YES;
				CLANG_WARN__DUPLICATE_METHOD_MATCH = YES;
				COPY_PHASE_STRIP = NO;
				DEBUG_INFORMATION_FORMAT = dwarf;
				ENABLE_STRICT_OBJC_MSGSEND = YES;
				ENABLE_TESTABILITY = YES;
				GCC_C_LANGUAGE_STANDARD = gnu11;
				GCC_DYNAMIC_NO_PIC = NO;
				GCC_NO_COMMON_BLOCKS = YES;
				GCC_OPTIMIZATION_LEVEL = 0;
				GCC_PREPROCESSOR_DEFINITIONS = (
					"DEBUG=1",
					"$(inherited)",
				);
				GCC_WARN_64_TO_32_BIT_CONVERSION = YES;
				GCC_WARN_ABOUT_RETURN_TYPE = YES_ERROR;
				GCC_WARN_UNDECLARED_SELECTOR = YES;
				GCC_WARN_UNINITIALIZED_AUTOS = YES_AGGRESSIVE;
				GCC_WARN_UNUSED_FUNCTION = YES;
				GCC_WARN_UNUSED_VARIABLE = YES;
				IPHONEOS_DEPLOYMENT_TARGET = 13.2;
				MTL_ENABLE_DEBUG_INFO = INCLUDE_SOURCE;
				MTL_FAST_MATH = YES;
				ONLY_ACTIVE_ARCH = YES;
				SDKROOT = iphoneos;
				SWIFT_ACTIVE_COMPILATION_CONDITIONS = DEBUG;
				SWIFT_OPTIMIZATION_LEVEL = "-Onone";
			};
			name = Debug;
		};
		D21F054623DB3C7F00BC7278 /* Release */ = {
			isa = XCBuildConfiguration;
			buildSettings = {
				ALWAYS_SEARCH_USER_PATHS = NO;
				CLANG_ANALYZER_NONNULL = YES;
				CLANG_ANALYZER_NUMBER_OBJECT_CONVERSION = YES_AGGRESSIVE;
				CLANG_CXX_LANGUAGE_STANDARD = "gnu++14";
				CLANG_CXX_LIBRARY = "libc++";
				CLANG_ENABLE_MODULES = YES;
				CLANG_ENABLE_OBJC_ARC = YES;
				CLANG_ENABLE_OBJC_WEAK = YES;
				CLANG_WARN_BLOCK_CAPTURE_AUTORELEASING = YES;
				CLANG_WARN_BOOL_CONVERSION = YES;
				CLANG_WARN_COMMA = YES;
				CLANG_WARN_CONSTANT_CONVERSION = YES;
				CLANG_WARN_DEPRECATED_OBJC_IMPLEMENTATIONS = YES;
				CLANG_WARN_DIRECT_OBJC_ISA_USAGE = YES_ERROR;
				CLANG_WARN_DOCUMENTATION_COMMENTS = YES;
				CLANG_WARN_EMPTY_BODY = YES;
				CLANG_WARN_ENUM_CONVERSION = YES;
				CLANG_WARN_INFINITE_RECURSION = YES;
				CLANG_WARN_INT_CONVERSION = YES;
				CLANG_WARN_NON_LITERAL_NULL_CONVERSION = YES;
				CLANG_WARN_OBJC_IMPLICIT_RETAIN_SELF = YES;
				CLANG_WARN_OBJC_LITERAL_CONVERSION = YES;
				CLANG_WARN_OBJC_ROOT_CLASS = YES_ERROR;
				CLANG_WARN_RANGE_LOOP_ANALYSIS = YES;
				CLANG_WARN_STRICT_PROTOTYPES = YES;
				CLANG_WARN_SUSPICIOUS_MOVE = YES;
				CLANG_WARN_UNGUARDED_AVAILABILITY = YES_AGGRESSIVE;
				CLANG_WARN_UNREACHABLE_CODE = YES;
				CLANG_WARN__DUPLICATE_METHOD_MATCH = YES;
				COPY_PHASE_STRIP = NO;
				DEBUG_INFORMATION_FORMAT = "dwarf-with-dsym";
				ENABLE_NS_ASSERTIONS = NO;
				ENABLE_STRICT_OBJC_MSGSEND = YES;
				GCC_C_LANGUAGE_STANDARD = gnu11;
				GCC_NO_COMMON_BLOCKS = YES;
				GCC_WARN_64_TO_32_BIT_CONVERSION = YES;
				GCC_WARN_ABOUT_RETURN_TYPE = YES_ERROR;
				GCC_WARN_UNDECLARED_SELECTOR = YES;
				GCC_WARN_UNINITIALIZED_AUTOS = YES_AGGRESSIVE;
				GCC_WARN_UNUSED_FUNCTION = YES;
				GCC_WARN_UNUSED_VARIABLE = YES;
				IPHONEOS_DEPLOYMENT_TARGET = 13.2;
				MTL_ENABLE_DEBUG_INFO = NO;
				MTL_FAST_MATH = YES;
				SDKROOT = iphoneos;
				SWIFT_COMPILATION_MODE = wholemodule;
				SWIFT_OPTIMIZATION_LEVEL = "-O";
				VALIDATE_PRODUCT = YES;
			};
			name = Release;
		};
		D21F054823DB3C7F00BC7278 /* Debug */ = {
			isa = XCBuildConfiguration;
			buildSettings = {
				ASSETCATALOG_COMPILER_APPICON_NAME = AppIcon;
				CODE_SIGN_STYLE = Manual;
				DEVELOPMENT_TEAM = "";
				INFOPLIST_FILE = MyWeatherApp/Info.plist;
				LD_RUNPATH_SEARCH_PATHS = (
					"$(inherited)",
					"@executable_path/Frameworks",
				);
				PRODUCT_BUNDLE_IDENTIFIER = com.Omsi.MyWeatherApp;
				PRODUCT_NAME = "$(TARGET_NAME)";
				PROVISIONING_PROFILE_SPECIFIER = "";
				SWIFT_VERSION = 5.0;
				TARGETED_DEVICE_FAMILY = "1,2";
			};
			name = Debug;
		};
		D21F054923DB3C7F00BC7278 /* Release */ = {
			isa = XCBuildConfiguration;
			buildSettings = {
				ASSETCATALOG_COMPILER_APPICON_NAME = AppIcon;
				CODE_SIGN_STYLE = Manual;
				DEVELOPMENT_TEAM = "";
				INFOPLIST_FILE = MyWeatherApp/Info.plist;
				LD_RUNPATH_SEARCH_PATHS = (
					"$(inherited)",
					"@executable_path/Frameworks",
				);
				PRODUCT_BUNDLE_IDENTIFIER = com.Omsi.MyWeatherApp;
				PRODUCT_NAME = "$(TARGET_NAME)";
				PROVISIONING_PROFILE_SPECIFIER = "";
				SWIFT_VERSION = 5.0;
				TARGETED_DEVICE_FAMILY = "1,2";
			};
			name = Release;
		};
/* End XCBuildConfiguration section */

/* Begin XCConfigurationList section */
		D21F052E23DB3C7B00BC7278 /* Build configuration list for PBXProject "MyWeatherApp" */ = {
			isa = XCConfigurationList;
			buildConfigurations = (
				D21F054523DB3C7F00BC7278 /* Debug */,
				D21F054623DB3C7F00BC7278 /* Release */,
			);
			defaultConfigurationIsVisible = 0;
			defaultConfigurationName = Release;
		};
		D21F054723DB3C7F00BC7278 /* Build configuration list for PBXNativeTarget "MyWeatherApp" */ = {
			isa = XCConfigurationList;
			buildConfigurations = (
				D21F054823DB3C7F00BC7278 /* Debug */,
				D21F054923DB3C7F00BC7278 /* Release */,
			);
			defaultConfigurationIsVisible = 0;
			defaultConfigurationName = Release;
		};
/* End XCConfigurationList section */
	};
	rootObject = D21F052B23DB3C7B00BC7278 /* Project object */;
}
